
Microsoft Visual Studio Solution File, Format Version 12.00
# Visual Studio 15
VisualStudioVersion = 15.0.26730.15
MinimumVisualStudioVersion = 10.0.40219.1
Project("{8BC9CEB8-8B4A-11D0-8D11-00A0C91BC942}") = "Date", "Date\Date.vcxproj", "{936E3965-1FB4-48D7-9631-07EDBA0C717B}"
EndProject
Global
	GlobalSection(SolutionConfigurationPlatforms) = preSolution
		Debug|x64 = Debug|x64
		Debug|x86 = Debug|x86
		Release|x64 = Release|x64
		Release|x86 = Release|x86
	EndGlobalSection
	GlobalSection(ProjectConfigurationPlatforms) = postSolution
		{936E3965-1FB4-48D7-9631-07EDBA0C717B}.Debug|x64.ActiveCfg = Debug|x64
		{936E3965-1FB4-48D7-9631-07EDBA0C717B}.Debug|x64.Build.0 = Debug|x64
		{936E3965-1FB4-48D7-9631-07EDBA0C717B}.Debug|x86.ActiveCfg = Debug|Win32
		{936E3965-1FB4-48D7-9631-07EDBA0C717B}.Debug|x86.Build.0 = Debug|Win32
		{936E3965-1FB4-48D7-9631-07EDBA0C717B}.Release|x64.ActiveCfg = Release|x64
		{936E3965-1FB4-48D7-9631-07EDBA0C717B}.Release|x64.Build.0 = Release|x64
		{936E3965-1FB4-48D7-9631-07EDBA0C717B}.Release|x86.ActiveCfg = Release|Win32
		{936E3965-1FB4-48D7-9631-07EDBA0C717B}.Release|x86.Build.0 = Release|Win32
	EndGlobalSection
	GlobalSection(SolutionProperties) = preSolution
		HideSolutionNode = FALSE
	EndGlobalSection
	GlobalSection(ExtensibilityGlobals) = postSolution
		SolutionGuid = {3EF28461-6A01-493C-B1D4-0FA24A312030}
	EndGlobalSection
EndGlobal
