
Microsoft Visual Studio Solution File, Format Version 12.00
# Visual Studio 15
VisualStudioVersion = 15.0.26730.15
MinimumVisualStudioVersion = 10.0.40219.1
Project("{8BC9CEB8-8B4A-11D0-8D11-00A0C91BC942}") = "GradesVector", "GradesVector\GradesVector.vcxproj", "{847FA603-45B4-44BB-9E2E-8A3487E15A4D}"
EndProject
Global
	GlobalSection(SolutionConfigurationPlatforms) = preSolution
		Debug|x64 = Debug|x64
		Debug|x86 = Debug|x86
		Release|x64 = Release|x64
		Release|x86 = Release|x86
	EndGlobalSection
	GlobalSection(ProjectConfigurationPlatforms) = postSolution
		{847FA603-45B4-44BB-9E2E-8A3487E15A4D}.Debug|x64.ActiveCfg = Debug|x64
		{847FA603-45B4-44BB-9E2E-8A3487E15A4D}.Debug|x64.Build.0 = Debug|x64
		{847FA603-45B4-44BB-9E2E-8A3487E15A4D}.Debug|x86.ActiveCfg = Debug|Win32
		{847FA603-45B4-44BB-9E2E-8A3487E15A4D}.Debug|x86.Build.0 = Debug|Win32
		{847FA603-45B4-44BB-9E2E-8A3487E15A4D}.Release|x64.ActiveCfg = Release|x64
		{847FA603-45B4-44BB-9E2E-8A3487E15A4D}.Release|x64.Build.0 = Release|x64
		{847FA603-45B4-44BB-9E2E-8A3487E15A4D}.Release|x86.ActiveCfg = Release|Win32
		{847FA603-45B4-44BB-9E2E-8A3487E15A4D}.Release|x86.Build.0 = Release|Win32
	EndGlobalSection
	GlobalSection(SolutionProperties) = preSolution
		HideSolutionNode = FALSE
	EndGlobalSection
	GlobalSection(ExtensibilityGlobals) = postSolution
		SolutionGuid = {59B306A7-120F-4B0B-A98C-973CDF66904A}
	EndGlobalSection
EndGlobal
