
Microsoft Visual Studio Solution File, Format Version 12.00
# Visual Studio 15
VisualStudioVersion = 15.0.26730.15
MinimumVisualStudioVersion = 10.0.40219.1
Project("{8BC9CEB8-8B4A-11D0-8D11-00A0C91BC942}") = "FictionalCharacters", "FictionalCharacters\FictionalCharacters.vcxproj", "{E8FF16F8-3E2E-4443-90A7-26A0443C41D9}"
EndProject
Global
	GlobalSection(SolutionConfigurationPlatforms) = preSolution
		Debug|x64 = Debug|x64
		Debug|x86 = Debug|x86
		Release|x64 = Release|x64
		Release|x86 = Release|x86
	EndGlobalSection
	GlobalSection(ProjectConfigurationPlatforms) = postSolution
		{E8FF16F8-3E2E-4443-90A7-26A0443C41D9}.Debug|x64.ActiveCfg = Debug|x64
		{E8FF16F8-3E2E-4443-90A7-26A0443C41D9}.Debug|x64.Build.0 = Debug|x64
		{E8FF16F8-3E2E-4443-90A7-26A0443C41D9}.Debug|x86.ActiveCfg = Debug|Win32
		{E8FF16F8-3E2E-4443-90A7-26A0443C41D9}.Debug|x86.Build.0 = Debug|Win32
		{E8FF16F8-3E2E-4443-90A7-26A0443C41D9}.Release|x64.ActiveCfg = Release|x64
		{E8FF16F8-3E2E-4443-90A7-26A0443C41D9}.Release|x64.Build.0 = Release|x64
		{E8FF16F8-3E2E-4443-90A7-26A0443C41D9}.Release|x86.ActiveCfg = Release|Win32
		{E8FF16F8-3E2E-4443-90A7-26A0443C41D9}.Release|x86.Build.0 = Release|Win32
	EndGlobalSection
	GlobalSection(SolutionProperties) = preSolution
		HideSolutionNode = FALSE
	EndGlobalSection
	GlobalSection(ExtensibilityGlobals) = postSolution
		SolutionGuid = {7669DF4A-22C4-4839-9ED2-9570673F1241}
	EndGlobalSection
EndGlobal
