
Microsoft Visual Studio Solution File, Format Version 12.00
# Visual Studio 15
VisualStudioVersion = 15.0.26730.15
MinimumVisualStudioVersion = 10.0.40219.1
Project("{8BC9CEB8-8B4A-11D0-8D11-00A0C91BC942}") = "C-Stringstarter", "C-Stringstarter\C-Stringstarter.vcxproj", "{63AF1C18-1BC7-4298-8F86-A0A8F1B128ED}"
EndProject
Global
	GlobalSection(SolutionConfigurationPlatforms) = preSolution
		Debug|x64 = Debug|x64
		Debug|x86 = Debug|x86
		Release|x64 = Release|x64
		Release|x86 = Release|x86
	EndGlobalSection
	GlobalSection(ProjectConfigurationPlatforms) = postSolution
		{63AF1C18-1BC7-4298-8F86-A0A8F1B128ED}.Debug|x64.ActiveCfg = Debug|x64
		{63AF1C18-1BC7-4298-8F86-A0A8F1B128ED}.Debug|x64.Build.0 = Debug|x64
		{63AF1C18-1BC7-4298-8F86-A0A8F1B128ED}.Debug|x86.ActiveCfg = Debug|Win32
		{63AF1C18-1BC7-4298-8F86-A0A8F1B128ED}.Debug|x86.Build.0 = Debug|Win32
		{63AF1C18-1BC7-4298-8F86-A0A8F1B128ED}.Release|x64.ActiveCfg = Release|x64
		{63AF1C18-1BC7-4298-8F86-A0A8F1B128ED}.Release|x64.Build.0 = Release|x64
		{63AF1C18-1BC7-4298-8F86-A0A8F1B128ED}.Release|x86.ActiveCfg = Release|Win32
		{63AF1C18-1BC7-4298-8F86-A0A8F1B128ED}.Release|x86.Build.0 = Release|Win32
	EndGlobalSection
	GlobalSection(SolutionProperties) = preSolution
		HideSolutionNode = FALSE
	EndGlobalSection
	GlobalSection(ExtensibilityGlobals) = postSolution
		SolutionGuid = {1FC4CC63-394A-4A4A-A038-0857B2EC0B5B}
	EndGlobalSection
EndGlobal
