
Microsoft Visual Studio Solution File, Format Version 12.00
# Visual Studio 15
VisualStudioVersion = 15.0.26730.15
MinimumVisualStudioVersion = 10.0.40219.1
Project("{8BC9CEB8-8B4A-11D0-8D11-00A0C91BC942}") = "ArrayAllocator", "ArrayAllocator\ArrayAllocator.vcxproj", "{42C1DAC0-CD74-4A74-ADFB-2C8344AAEB02}"
EndProject
Global
	GlobalSection(SolutionConfigurationPlatforms) = preSolution
		Debug|x64 = Debug|x64
		Debug|x86 = Debug|x86
		Release|x64 = Release|x64
		Release|x86 = Release|x86
	EndGlobalSection
	GlobalSection(ProjectConfigurationPlatforms) = postSolution
		{42C1DAC0-CD74-4A74-ADFB-2C8344AAEB02}.Debug|x64.ActiveCfg = Debug|x64
		{42C1DAC0-CD74-4A74-ADFB-2C8344AAEB02}.Debug|x64.Build.0 = Debug|x64
		{42C1DAC0-CD74-4A74-ADFB-2C8344AAEB02}.Debug|x86.ActiveCfg = Debug|Win32
		{42C1DAC0-CD74-4A74-ADFB-2C8344AAEB02}.Debug|x86.Build.0 = Debug|Win32
		{42C1DAC0-CD74-4A74-ADFB-2C8344AAEB02}.Release|x64.ActiveCfg = Release|x64
		{42C1DAC0-CD74-4A74-ADFB-2C8344AAEB02}.Release|x64.Build.0 = Release|x64
		{42C1DAC0-CD74-4A74-ADFB-2C8344AAEB02}.Release|x86.ActiveCfg = Release|Win32
		{42C1DAC0-CD74-4A74-ADFB-2C8344AAEB02}.Release|x86.Build.0 = Release|Win32
	EndGlobalSection
	GlobalSection(SolutionProperties) = preSolution
		HideSolutionNode = FALSE
	EndGlobalSection
	GlobalSection(ExtensibilityGlobals) = postSolution
		SolutionGuid = {4C1B8A3B-6070-4C24-91E5-525F6C5CDBBF}
	EndGlobalSection
EndGlobal
