
Microsoft Visual Studio Solution File, Format Version 12.00
# Visual Studio 15
VisualStudioVersion = 15.0.26730.15
MinimumVisualStudioVersion = 10.0.40219.1
Project("{8BC9CEB8-8B4A-11D0-8D11-00A0C91BC942}") = "barchartch5", "barchartch5\barchartch5.vcxproj", "{7102A461-281F-404C-8676-0CF59DE2A9F9}"
EndProject
Global
	GlobalSection(SolutionConfigurationPlatforms) = preSolution
		Debug|x64 = Debug|x64
		Debug|x86 = Debug|x86
		Release|x64 = Release|x64
		Release|x86 = Release|x86
	EndGlobalSection
	GlobalSection(ProjectConfigurationPlatforms) = postSolution
		{7102A461-281F-404C-8676-0CF59DE2A9F9}.Debug|x64.ActiveCfg = Debug|x64
		{7102A461-281F-404C-8676-0CF59DE2A9F9}.Debug|x64.Build.0 = Debug|x64
		{7102A461-281F-404C-8676-0CF59DE2A9F9}.Debug|x86.ActiveCfg = Debug|Win32
		{7102A461-281F-404C-8676-0CF59DE2A9F9}.Debug|x86.Build.0 = Debug|Win32
		{7102A461-281F-404C-8676-0CF59DE2A9F9}.Release|x64.ActiveCfg = Release|x64
		{7102A461-281F-404C-8676-0CF59DE2A9F9}.Release|x64.Build.0 = Release|x64
		{7102A461-281F-404C-8676-0CF59DE2A9F9}.Release|x86.ActiveCfg = Release|Win32
		{7102A461-281F-404C-8676-0CF59DE2A9F9}.Release|x86.Build.0 = Release|Win32
	EndGlobalSection
	GlobalSection(SolutionProperties) = preSolution
		HideSolutionNode = FALSE
	EndGlobalSection
	GlobalSection(ExtensibilityGlobals) = postSolution
		SolutionGuid = {49521A50-D214-4A69-8097-7A2BB72BE4C5}
	EndGlobalSection
EndGlobal
