
Microsoft Visual Studio Solution File, Format Version 12.00
# Visual Studio 15
VisualStudioVersion = 15.0.26730.15
MinimumVisualStudioVersion = 10.0.40219.1
Project("{8BC9CEB8-8B4A-11D0-8D11-00A0C91BC942}") = "RunnerStats", "RunnerStats\RunnerStats.vcxproj", "{64C5AC01-5E52-4E9C-B64E-F9103DD712EC}"
EndProject
Global
	GlobalSection(SolutionConfigurationPlatforms) = preSolution
		Debug|x64 = Debug|x64
		Debug|x86 = Debug|x86
		Release|x64 = Release|x64
		Release|x86 = Release|x86
	EndGlobalSection
	GlobalSection(ProjectConfigurationPlatforms) = postSolution
		{64C5AC01-5E52-4E9C-B64E-F9103DD712EC}.Debug|x64.ActiveCfg = Debug|x64
		{64C5AC01-5E52-4E9C-B64E-F9103DD712EC}.Debug|x64.Build.0 = Debug|x64
		{64C5AC01-5E52-4E9C-B64E-F9103DD712EC}.Debug|x86.ActiveCfg = Debug|Win32
		{64C5AC01-5E52-4E9C-B64E-F9103DD712EC}.Debug|x86.Build.0 = Debug|Win32
		{64C5AC01-5E52-4E9C-B64E-F9103DD712EC}.Release|x64.ActiveCfg = Release|x64
		{64C5AC01-5E52-4E9C-B64E-F9103DD712EC}.Release|x64.Build.0 = Release|x64
		{64C5AC01-5E52-4E9C-B64E-F9103DD712EC}.Release|x86.ActiveCfg = Release|Win32
		{64C5AC01-5E52-4E9C-B64E-F9103DD712EC}.Release|x86.Build.0 = Release|Win32
	EndGlobalSection
	GlobalSection(SolutionProperties) = preSolution
		HideSolutionNode = FALSE
	EndGlobalSection
	GlobalSection(ExtensibilityGlobals) = postSolution
		SolutionGuid = {B602824B-E711-4F82-95B0-353F757C16FB}
	EndGlobalSection
EndGlobal
