
Microsoft Visual Studio Solution File, Format Version 12.00
# Visual Studio 15
VisualStudioVersion = 15.0.26730.15
MinimumVisualStudioVersion = 10.0.40219.1
Project("{F184B08F-C81C-45F6-A57F-5ABD9991F28F}") = "Add", "Add\Add.vbproj", "{BD4CAAA3-28D0-4FCF-8D3F-8713413B4072}"
EndProject
Global
	GlobalSection(SolutionConfigurationPlatforms) = preSolution
		Debug|Any CPU = Debug|Any CPU
		Release|Any CPU = Release|Any CPU
	EndGlobalSection
	GlobalSection(ProjectConfigurationPlatforms) = postSolution
		{BD4CAAA3-28D0-4FCF-8D3F-8713413B4072}.Debug|Any CPU.ActiveCfg = Debug|Any CPU
		{BD4CAAA3-28D0-4FCF-8D3F-8713413B4072}.Debug|Any CPU.Build.0 = Debug|Any CPU
		{BD4CAAA3-28D0-4FCF-8D3F-8713413B4072}.Release|Any CPU.ActiveCfg = Release|Any CPU
		{BD4CAAA3-28D0-4FCF-8D3F-8713413B4072}.Release|Any CPU.Build.0 = Release|Any CPU
	EndGlobalSection
	GlobalSection(SolutionProperties) = preSolution
		HideSolutionNode = FALSE
	EndGlobalSection
	GlobalSection(ExtensibilityGlobals) = postSolution
		SolutionGuid = {18898BC8-B063-4730-B9D4-524BA8BED888}
	EndGlobalSection
EndGlobal
